// !$*UTF8*$!
{
	archiveVersion = 1;
	classes = {
	};
	objectVersion = 77;
	objects = {

/* Begin PBXBuildFile section */
		4409808F2E00B71A00BF3FC0 /* Debugger.swift in Sources */ = {isa = PBXBuildFile; fileRef = 4409808E2E00B71A00BF3FC0 /* Debugger.swift */; };
		440980962E04150100BF3FC0 /* changelog.md in Resources */ = {isa = PBXBuildFile; fileRef = 440980922E04150100BF3FC0 /* changelog.md */; };
		440980972E04150100BF3FC0 /* tasks.md in Resources */ = {isa = PBXBuildFile; fileRef = 440980942E04150100BF3FC0 /* tasks.md */; };
		440980982E04150100BF3FC0 /* directory_tree.md in Resources */ = {isa = PBXBuildFile; fileRef = 440980932E04150100BF3FC0 /* directory_tree.md */; };
		441C937F2E0873A000C5FC8A /* UnreliableTests.md in Sources */ = {isa = PBXBuildFile; fileRef = 441C937E2E08739C00C5FC8A /* UnreliableTests.md */; };
		44F183F02DFD0ECC00B6B23E /* NewTestPlan.xctestplan in Resources */ = {isa = PBXBuildFile; fileRef = 44F183EF2DFD0ECC00B6B23E /* NewTestPlan.xctestplan */; };
/* End PBXBuildFile section */

/* Begin PBXContainerItemProxy section */
		44B9F2862DFCE8B900511113 /* PBXContainerItemProxy */ = {
			isa = PBXContainerItemProxy;
			containerPortal = 44B9F26A2DFCE8B700511113 /* Project object */;
			proxyType = 1;
			remoteGlobalIDString = 44B9F2712DFCE8B700511113;
			remoteInfo = HammerTime;
		};
		44B9F2902DFCE8B900511113 /* PBXContainerItemProxy */ = {
			isa = PBXContainerItemProxy;
			containerPortal = 44B9F26A2DFCE8B700511113 /* Project object */;
			proxyType = 1;
			remoteGlobalIDString = 44B9F2712DFCE8B700511113;
			remoteInfo = HammerTime;
		};
/* End PBXContainerItemProxy section */

/* Begin PBXFileReference section */
		4409808E2E00B71A00BF3FC0 /* Debugger.swift */ = {isa = PBXFileReference; lastKnownFileType = sourcecode.swift; path = Debugger.swift; sourceTree = "<group>"; };
		440980922E04150100BF3FC0 /* changelog.md */ = {isa = PBXFileReference; lastKnownFileType = net.daringfireball.markdown; path = changelog.md; sourceTree = "<group>"; };
		440980932E04150100BF3FC0 /* directory_tree.md */ = {isa = PBXFileReference; lastKnownFileType = net.daringfireball.markdown; path = directory_tree.md; sourceTree = "<group>"; };
		440980942E04150100BF3FC0 /* tasks.md */ = {isa = PBXFileReference; lastKnownFileType = net.daringfireball.markdown; path = tasks.md; sourceTree = "<group>"; };
		441C937E2E08739C00C5FC8A /* UnreliableTests.md */ = {isa = PBXFileReference; lastKnownFileType = net.daringfireball.markdown; path = UnreliableTests.md; sourceTree = "<group>"; };
		44B9F2722DFCE8B700511113 /* HammerTime.app */ = {isa = PBXFileReference; explicitFileType = wrapper.application; includeInIndex = 0; path = HammerTime.app; sourceTree = BUILT_PRODUCTS_DIR; };
		44B9F2852DFCE8B900511113 /* HammerTimeTests.xctest */ = {isa = PBXFileReference; explicitFileType = wrapper.cfbundle; includeInIndex = 0; path = HammerTimeTests.xctest; sourceTree = BUILT_PRODUCTS_DIR; };
		44B9F28F2DFCE8B900511113 /* HammerTimeUITests.xctest */ = {isa = PBXFileReference; explicitFileType = wrapper.cfbundle; includeInIndex = 0; path = HammerTimeUITests.xctest; sourceTree = BUILT_PRODUCTS_DIR; };
		44B9F2B62DFD0E8600511113 /* HammerTime.xctestplan */ = {isa = PBXFileReference; lastKnownFileType = text; path = HammerTime.xctestplan; sourceTree = "<group>"; };
		44F183EF2DFD0ECC00B6B23E /* NewTestPlan.xctestplan */ = {isa = PBXFileReference; lastKnownFileType = text; path = NewTestPlan.xctestplan; sourceTree = "<group>"; };
/* End PBXFileReference section */

/* Begin PBXFileSystemSynchronizedBuildFileExceptionSet section */
		440980A42E05BCE100BF3FC0 /* Exceptions for "HammerTime" folder in "HammerTimeUITests" target */ = {
			isa = PBXFileSystemSynchronizedBuildFileExceptionSet;
			membershipExceptions = (
				InfinityBugDetector.swift,
			);
			target = 44B9F28E2DFCE8B900511113 /* HammerTimeUITests */;
		};
/* End PBXFileSystemSynchronizedBuildFileExceptionSet section */

/* Begin PBXFileSystemSynchronizedRootGroup section */
		44B9F2742DFCE8B700511113 /* HammerTime */ = {
			isa = PBXFileSystemSynchronizedRootGroup;
			exceptions = (
				440980A42E05BCE100BF3FC0 /* Exceptions for "HammerTime" folder in "HammerTimeUITests" target */,
			);
			path = HammerTime;
			sourceTree = "<group>";
		};
		44B9F2882DFCE8B900511113 /* HammerTimeTests */ = {
			isa = PBXFileSystemSynchronizedRootGroup;
			path = HammerTimeTests;
			sourceTree = "<group>";
		};
		44B9F2922DFCE8B900511113 /* HammerTimeUITests */ = {
			isa = PBXFileSystemSynchronizedRootGroup;
			path = HammerTimeUITests;
			sourceTree = "<group>";
		};
/* End PBXFileSystemSynchronizedRootGroup section */

/* Begin PBXFrameworksBuildPhase section */
		44B9F26F2DFCE8B700511113 /* Frameworks */ = {
			isa = PBXFrameworksBuildPhase;
			buildActionMask = 2147483647;
			files = (
			);
			runOnlyForDeploymentPostprocessing = 0;
		};
		44B9F2822DFCE8B900511113 /* Frameworks */ = {
			isa = PBXFrameworksBuildPhase;
			buildActionMask = 2147483647;
			files = (
			);
			runOnlyForDeploymentPostprocessing = 0;
		};
		44B9F28C2DFCE8B900511113 /* Frameworks */ = {
			isa = PBXFrameworksBuildPhase;
			buildActionMask = 2147483647;
			files = (
			);
			runOnlyForDeploymentPostprocessing = 0;
		};
/* End PBXFrameworksBuildPhase section */

/* Begin PBXGroup section */
		440980952E04150100BF3FC0 /* memlog */ = {
			isa = PBXGroup;
			children = (
				441C937E2E08739C00C5FC8A /* UnreliableTests.md */,
				440980922E04150100BF3FC0 /* changelog.md */,
				440980932E04150100BF3FC0 /* directory_tree.md */,
				440980942E04150100BF3FC0 /* tasks.md */,
			);
			path = memlog;
			sourceTree = "<group>";
		};
		44B9F2692DFCE8B700511113 = {
			isa = PBXGroup;
			children = (
				4409808E2E00B71A00BF3FC0 /* Debugger.swift */,
				44F183EF2DFD0ECC00B6B23E /* NewTestPlan.xctestplan */,
				44B9F2B62DFD0E8600511113 /* HammerTime.xctestplan */,
				44B9F2742DFCE8B700511113 /* HammerTime */,
				44B9F2882DFCE8B900511113 /* HammerTimeTests */,
				44B9F2922DFCE8B900511113 /* HammerTimeUITests */,
				44B9F2732DFCE8B700511113 /* Products */,
				440980952E04150100BF3FC0 /* memlog */,
			);
			sourceTree = "<group>";
		};
		44B9F2732DFCE8B700511113 /* Products */ = {
			isa = PBXGroup;
			children = (
				44B9F2722DFCE8B700511113 /* HammerTime.app */,
				44B9F2852DFCE8B900511113 /* HammerTimeTests.xctest */,
				44B9F28F2DFCE8B900511113 /* HammerTimeUITests.xctest */,
			);
			name = Products;
			sourceTree = "<group>";
		};
/* End PBXGroup section */

/* Begin PBXNativeTarget section */
		44B9F2712DFCE8B700511113 /* HammerTime */ = {
			isa = PBXNativeTarget;
			buildConfigurationList = 44B9F2992DFCE8B900511113 /* Build configuration list for PBXNativeTarget "HammerTime" */;
			buildPhases = (
				44B9F26E2DFCE8B700511113 /* Sources */,
				44B9F26F2DFCE8B700511113 /* Frameworks */,
				44B9F2702DFCE8B700511113 /* Resources */,
			);
			buildRules = (
			);
			dependencies = (
			);
			fileSystemSynchronizedGroups = (
				44B9F2742DFCE8B700511113 /* HammerTime */,
			);
			name = HammerTime;
			packageProductDependencies = (
			);
			productName = HammerTime;
			productReference = 44B9F2722DFCE8B700511113 /* HammerTime.app */;
			productType = "com.apple.product-type.application";
		};
		44B9F2842DFCE8B900511113 /* HammerTimeTests */ = {
			isa = PBXNativeTarget;
			buildConfigurationList = 44B9F29C2DFCE8B900511113 /* Build configuration list for PBXNativeTarget "HammerTimeTests" */;
			buildPhases = (
				44B9F2812DFCE8B900511113 /* Sources */,
				44B9F2822DFCE8B900511113 /* Frameworks */,
				44B9F2832DFCE8B900511113 /* Resources */,
			);
			buildRules = (
			);
			dependencies = (
				44B9F2872DFCE8B900511113 /* PBXTargetDependency */,
			);
			fileSystemSynchronizedGroups = (
				44B9F2882DFCE8B900511113 /* HammerTimeTests */,
			);
			name = HammerTimeTests;
			packageProductDependencies = (
			);
			productName = HammerTimeTests;
			productReference = 44B9F2852DFCE8B900511113 /* HammerTimeTests.xctest */;
			productType = "com.apple.product-type.bundle.unit-test";
		};
		44B9F28E2DFCE8B900511113 /* HammerTimeUITests */ = {
			isa = PBXNativeTarget;
			buildConfigurationList = 44B9F29F2DFCE8B900511113 /* Build configuration list for PBXNativeTarget "HammerTimeUITests" */;
			buildPhases = (
				44B9F28B2DFCE8B900511113 /* Sources */,
				44B9F28C2DFCE8B900511113 /* Frameworks */,
				44B9F28D2DFCE8B900511113 /* Resources */,
			);
			buildRules = (
			);
			dependencies = (
				44B9F2912DFCE8B900511113 /* PBXTargetDependency */,
			);
			fileSystemSynchronizedGroups = (
				44B9F2922DFCE8B900511113 /* HammerTimeUITests */,
			);
			name = HammerTimeUITests;
			packageProductDependencies = (
			);
			productName = HammerTimeUITests;
			productReference = 44B9F28F2DFCE8B900511113 /* HammerTimeUITests.xctest */;
			productType = "com.apple.product-type.bundle.ui-testing";
		};
/* End PBXNativeTarget section */

/* Begin PBXProject section */
		44B9F26A2DFCE8B700511113 /* Project object */ = {
			isa = PBXProject;
			attributes = {
				BuildIndependentTargetsInParallel = 1;
				LastSwiftUpdateCheck = 1630;
				LastUpgradeCheck = 1630;
				TargetAttributes = {
					44B9F2712DFCE8B700511113 = {
						CreatedOnToolsVersion = 16.3;
					};
					44B9F2842DFCE8B900511113 = {
						CreatedOnToolsVersion = 16.3;
						TestTargetID = 44B9F2712DFCE8B700511113;
					};
					44B9F28E2DFCE8B900511113 = {
						CreatedOnToolsVersion = 16.3;
						TestTargetID = 44B9F2712DFCE8B700511113;
					};
				};
			};
			buildConfigurationList = 44B9F26D2DFCE8B700511113 /* Build configuration list for PBXProject "HammerTime" */;
			developmentRegion = en;
			hasScannedForEncodings = 0;
			knownRegions = (
				en,
				Base,
			);
			mainGroup = 44B9F2692DFCE8B700511113;
			minimizedProjectReferenceProxies = 1;
			preferredProjectObjectVersion = 77;
			productRefGroup = 44B9F2732DFCE8B700511113 /* Products */;
			projectDirPath = "";
			projectRoot = "";
			targets = (
				44B9F2712DFCE8B700511113 /* HammerTime */,
				44B9F2842DFCE8B900511113 /* HammerTimeTests */,
				44B9F28E2DFCE8B900511113 /* HammerTimeUITests */,
			);
		};
/* End PBXProject section */

/* Begin PBXResourcesBuildPhase section */
		44B9F2702DFCE8B700511113 /* Resources */ = {
			isa = PBXResourcesBuildPhase;
			buildActionMask = 2147483647;
			files = (
				44F183F02DFD0ECC00B6B23E /* NewTestPlan.xctestplan in Resources */,
				440980962E04150100BF3FC0 /* changelog.md in Resources */,
				440980972E04150100BF3FC0 /* tasks.md in Resources */,
				440980982E04150100BF3FC0 /* directory_tree.md in Resources */,
			);
			runOnlyForDeploymentPostprocessing = 0;
		};
		44B9F2832DFCE8B900511113 /* Resources */ = {
			isa = PBXResourcesBuildPhase;
			buildActionMask = 2147483647;
			files = (
			);
			runOnlyForDeploymentPostprocessing = 0;
		};
		44B9F28D2DFCE8B900511113 /* Resources */ = {
			isa = PBXResourcesBuildPhase;
			buildActionMask = 2147483647;
			files = (
			);
			runOnlyForDeploymentPostprocessing = 0;
		};
/* End PBXResourcesBuildPhase section */

/* Begin PBXSourcesBuildPhase section */
		44B9F26E2DFCE8B700511113 /* Sources */ = {
			isa = PBXSourcesBuildPhase;
			buildActionMask = 2147483647;
			files = (
				4409808F2E00B71A00BF3FC0 /* Debugger.swift in Sources */,
				441C937F2E0873A000C5FC8A /* UnreliableTests.md in Sources */,
			);
			runOnlyForDeploymentPostprocessing = 0;
		};
		44B9F2812DFCE8B900511113 /* Sources */ = {
			isa = PBXSourcesBuildPhase;
			buildActionMask = 2147483647;
			files = (
			);
			runOnlyForDeploymentPostprocessing = 0;
		};
		44B9F28B2DFCE8B900511113 /* Sources */ = {
			isa = PBXSourcesBuildPhase;
			buildActionMask = 2147483647;
			files = (
			);
			runOnlyForDeploymentPostprocessing = 0;
		};
/* End PBXSourcesBuildPhase section */

/* Begin PBXTargetDependency section */
		44B9F2872DFCE8B900511113 /* PBXTargetDependency */ = {
			isa = PBXTargetDependency;
			target = 44B9F2712DFCE8B700511113 /* HammerTime */;
			targetProxy = 44B9F2862DFCE8B900511113 /* PBXContainerItemProxy */;
		};
		44B9F2912DFCE8B900511113 /* PBXTargetDependency */ = {
			isa = PBXTargetDependency;
			target = 44B9F2712DFCE8B700511113 /* HammerTime */;
			targetProxy = 44B9F2902DFCE8B900511113 /* PBXContainerItemProxy */;
		};
/* End PBXTargetDependency section */

/* Begin XCBuildConfiguration section */
		44B9F2972DFCE8B900511113 /* Debug */ = {
			isa = XCBuildConfiguration;
			buildSettings = {
				ALWAYS_SEARCH_USER_PATHS = NO;
				ASSETCATALOG_COMPILER_GENERATE_SWIFT_ASSET_SYMBOL_EXTENSIONS = YES;
				CLANG_ANALYZER_NONNULL = YES;
				CLANG_ANALYZER_NUMBER_OBJECT_CONVERSION = YES_AGGRESSIVE;
				CLANG_CXX_LANGUAGE_STANDARD = "gnu++20";
				CLANG_ENABLE_MODULES = YES;
				CLANG_ENABLE_OBJC_ARC = YES;
				CLANG_ENABLE_OBJC_WEAK = YES;
				CLANG_WARN_BLOCK_CAPTURE_AUTORELEASING = YES;
				CLANG_WARN_BOOL_CONVERSION = YES;
				CLANG_WARN_COMMA = YES;
				CLANG_WARN_CONSTANT_CONVERSION = YES;
				CLANG_WARN_DEPRECATED_OBJC_IMPLEMENTATIONS = YES;
				CLANG_WARN_DIRECT_OBJC_ISA_USAGE = YES_ERROR;
				CLANG_WARN_DOCUMENTATION_COMMENTS = YES;
				CLANG_WARN_EMPTY_BODY = YES;
				CLANG_WARN_ENUM_CONVERSION = YES;
				CLANG_WARN_INFINITE_RECURSION = YES;
				CLANG_WARN_INT_CONVERSION = YES;
				CLANG_WARN_NON_LITERAL_NULL_CONVERSION = YES;
				CLANG_WARN_OBJC_IMPLICIT_RETAIN_SELF = YES;
				CLANG_WARN_OBJC_LITERAL_CONVERSION = YES;
				CLANG_WARN_OBJC_ROOT_CLASS = YES_ERROR;
				CLANG_WARN_QUOTED_INCLUDE_IN_FRAMEWORK_HEADER = YES;
				CLANG_WARN_RANGE_LOOP_ANALYSIS = YES;
				CLANG_WARN_STRICT_PROTOTYPES = YES;
				CLANG_WARN_SUSPICIOUS_MOVE = YES;
				CLANG_WARN_UNGUARDED_AVAILABILITY = YES_AGGRESSIVE;
				CLANG_WARN_UNREACHABLE_CODE = YES;
				CLANG_WARN__DUPLICATE_METHOD_MATCH = YES;
				COPY_PHASE_STRIP = NO;
				DEBUG_INFORMATION_FORMAT = dwarf;
				DEVELOPMENT_TEAM = RWZ25NGH8K;
				ENABLE_STRICT_OBJC_MSGSEND = YES;
				ENABLE_TESTABILITY = YES;
				ENABLE_USER_SCRIPT_SANDBOXING = YES;
				GCC_C_LANGUAGE_STANDARD = gnu17;
				GCC_DYNAMIC_NO_PIC = NO;
				GCC_NO_COMMON_BLOCKS = YES;
				GCC_OPTIMIZATION_LEVEL = 0;
				GCC_PREPROCESSOR_DEFINITIONS = (
					"DEBUG=1",
					"$(inherited)",
				);
				GCC_WARN_64_TO_32_BIT_CONVERSION = YES;
				GCC_WARN_ABOUT_RETURN_TYPE = YES_ERROR;
				GCC_WARN_UNDECLARED_SELECTOR = YES;
				GCC_WARN_UNINITIALIZED_AUTOS = YES_AGGRESSIVE;
				GCC_WARN_UNUSED_FUNCTION = YES;
				GCC_WARN_UNUSED_VARIABLE = YES;
				LOCALIZATION_PREFERS_STRING_CATALOGS = YES;
				MTL_ENABLE_DEBUG_INFO = INCLUDE_SOURCE;
				MTL_FAST_MATH = YES;
				ONLY_ACTIVE_ARCH = YES;
				SDKROOT = appletvos;
				SWIFT_ACTIVE_COMPILATION_CONDITIONS = "DEBUG $(inherited)";
				SWIFT_OPTIMIZATION_LEVEL = "-Onone";
				TVOS_DEPLOYMENT_TARGET = 18.4;
			};
			name = Debug;
		};
		44B9F2982DFCE8B900511113 /* Release */ = {
			isa = XCBuildConfiguration;
			buildSettings = {
				ALWAYS_SEARCH_USER_PATHS = NO;
				ASSETCATALOG_COMPILER_GENERATE_SWIFT_ASSET_SYMBOL_EXTENSIONS = YES;
				CLANG_ANALYZER_NONNULL = YES;
				CLANG_ANALYZER_NUMBER_OBJECT_CONVERSION = YES_AGGRESSIVE;
				CLANG_CXX_LANGUAGE_STANDARD = "gnu++20";
				CLANG_ENABLE_MODULES = YES;
				CLANG_ENABLE_OBJC_ARC = YES;
				CLANG_ENABLE_OBJC_WEAK = YES;
				CLANG_WARN_BLOCK_CAPTURE_AUTORELEASING = YES;
				CLANG_WARN_BOOL_CONVERSION = YES;
				CLANG_WARN_COMMA = YES;
				CLANG_WARN_CONSTANT_CONVERSION = YES;
				CLANG_WARN_DEPRECATED_OBJC_IMPLEMENTATIONS = YES;
				CLANG_WARN_DIRECT_OBJC_ISA_USAGE = YES_ERROR;
				CLANG_WARN_DOCUMENTATION_COMMENTS = YES;
				CLANG_WARN_EMPTY_BODY = YES;
				CLANG_WARN_ENUM_CONVERSION = YES;
				CLANG_WARN_INFINITE_RECURSION = YES;
				CLANG_WARN_INT_CONVERSION = YES;
				CLANG_WARN_NON_LITERAL_NULL_CONVERSION = YES;
				CLANG_WARN_OBJC_IMPLICIT_RETAIN_SELF = YES;
				CLANG_WARN_OBJC_LITERAL_CONVERSION = YES;
				CLANG_WARN_OBJC_ROOT_CLASS = YES_ERROR;
				CLANG_WARN_QUOTED_INCLUDE_IN_FRAMEWORK_HEADER = YES;
				CLANG_WARN_RANGE_LOOP_ANALYSIS = YES;
				CLANG_WARN_STRICT_PROTOTYPES = YES;
				CLANG_WARN_SUSPICIOUS_MOVE = YES;
				CLANG_WARN_UNGUARDED_AVAILABILITY = YES_AGGRESSIVE;
				CLANG_WARN_UNREACHABLE_CODE = YES;
				CLANG_WARN__DUPLICATE_METHOD_MATCH = YES;
				COPY_PHASE_STRIP = NO;
				DEBUG_INFORMATION_FORMAT = "dwarf-with-dsym";
				DEVELOPMENT_TEAM = RWZ25NGH8K;
				ENABLE_NS_ASSERTIONS = NO;
				ENABLE_STRICT_OBJC_MSGSEND = YES;
				ENABLE_USER_SCRIPT_SANDBOXING = YES;
				GCC_C_LANGUAGE_STANDARD = gnu17;
				GCC_NO_COMMON_BLOCKS = YES;
				GCC_WARN_64_TO_32_BIT_CONVERSION = YES;
				GCC_WARN_ABOUT_RETURN_TYPE = YES_ERROR;
				GCC_WARN_UNDECLARED_SELECTOR = YES;
				GCC_WARN_UNINITIALIZED_AUTOS = YES_AGGRESSIVE;
				GCC_WARN_UNUSED_FUNCTION = YES;
				GCC_WARN_UNUSED_VARIABLE = YES;
				LOCALIZATION_PREFERS_STRING_CATALOGS = YES;
				MTL_ENABLE_DEBUG_INFO = NO;
				MTL_FAST_MATH = YES;
				SDKROOT = appletvos;
				SWIFT_COMPILATION_MODE = wholemodule;
				TVOS_DEPLOYMENT_TARGET = 18.4;
				VALIDATE_PRODUCT = YES;
			};
			name = Release;
		};
		44B9F29A2DFCE8B900511113 /* Debug */ = {
			isa = XCBuildConfiguration;
			buildSettings = {
				ASSETCATALOG_COMPILER_APPICON_NAME = "App Icon & Top Shelf Image";
				ASSETCATALOG_COMPILER_GLOBAL_ACCENT_COLOR_NAME = AccentColor;
				CODE_SIGN_STYLE = Automatic;
				CURRENT_PROJECT_VERSION = 1;
				DEVELOPMENT_TEAM = RWZ25NGH8K;
				GENERATE_INFOPLIST_FILE = YES;
				INFOPLIST_KEY_UILaunchStoryboardName = LaunchScreen;
				INFOPLIST_KEY_UIMainStoryboardFile = Main;
				INFOPLIST_KEY_UIUserInterfaceStyle = Automatic;
				LD_RUNPATH_SEARCH_PATHS = (
					"$(inherited)",
					"@executable_path/Frameworks",
				);
				MARKETING_VERSION = 1.0;
				PRODUCT_BUNDLE_IDENTIFIER = com.showblender.HammerTime;
				PRODUCT_NAME = "$(TARGET_NAME)";
				SWIFT_EMIT_LOC_STRINGS = YES;
				SWIFT_VERSION = 5.0;
				TARGETED_DEVICE_FAMILY = 3;
			};
			name = Debug;
		};
		44B9F29B2DFCE8B900511113 /* Release */ = {
			isa = XCBuildConfiguration;
			buildSettings = {
				ASSETCATALOG_COMPILER_APPICON_NAME = "App Icon & Top Shelf Image";
				ASSETCATALOG_COMPILER_GLOBAL_ACCENT_COLOR_NAME = AccentColor;
				CODE_SIGN_STYLE = Automatic;
				CURRENT_PROJECT_VERSION = 1;
				DEVELOPMENT_TEAM = RWZ25NGH8K;
				GENERATE_INFOPLIST_FILE = YES;
				INFOPLIST_KEY_UILaunchStoryboardName = LaunchScreen;
				INFOPLIST_KEY_UIMainStoryboardFile = Main;
				INFOPLIST_KEY_UIUserInterfaceStyle = Automatic;
				LD_RUNPATH_SEARCH_PATHS = (
					"$(inherited)",
					"@executable_path/Frameworks",
				);
				MARKETING_VERSION = 1.0;
				PRODUCT_BUNDLE_IDENTIFIER = com.showblender.HammerTime;
				PRODUCT_NAME = "$(TARGET_NAME)";
				SWIFT_EMIT_LOC_STRINGS = YES;
				SWIFT_VERSION = 5.0;
				TARGETED_DEVICE_FAMILY = 3;
			};
			name = Release;
		};
		44B9F29D2DFCE8B900511113 /* Debug */ = {
			isa = XCBuildConfiguration;
			buildSettings = {
				BUNDLE_LOADER = "$(TEST_HOST)";
				CODE_SIGN_STYLE = Automatic;
				CURRENT_PROJECT_VERSION = 1;
				DEVELOPMENT_TEAM = RWZ25NGH8K;
				GENERATE_INFOPLIST_FILE = YES;
				MARKETING_VERSION = 1.0;
				PRODUCT_BUNDLE_IDENTIFIER = com.showblender.HammerTimeTests;
				PRODUCT_NAME = "$(TARGET_NAME)";
				SWIFT_EMIT_LOC_STRINGS = NO;
				SWIFT_VERSION = 5.0;
				TARGETED_DEVICE_FAMILY = 3;
				TEST_HOST = "$(BUILT_PRODUCTS_DIR)/HammerTime.app/$(BUNDLE_EXECUTABLE_FOLDER_PATH)/HammerTime";
				TVOS_DEPLOYMENT_TARGET = 18.4;
			};
			name = Debug;
		};
		44B9F29E2DFCE8B900511113 /* Release */ = {
			isa = XCBuildConfiguration;
			buildSettings = {
				BUNDLE_LOADER = "$(TEST_HOST)";
				CODE_SIGN_STYLE = Automatic;
				CURRENT_PROJECT_VERSION = 1;
				DEVELOPMENT_TEAM = RWZ25NGH8K;
				GENERATE_INFOPLIST_FILE = YES;
				MARKETING_VERSION = 1.0;
				PRODUCT_BUNDLE_IDENTIFIER = com.showblender.HammerTimeTests;
				PRODUCT_NAME = "$(TARGET_NAME)";
				SWIFT_EMIT_LOC_STRINGS = NO;
				SWIFT_VERSION = 5.0;
				TARGETED_DEVICE_FAMILY = 3;
				TEST_HOST = "$(BUILT_PRODUCTS_DIR)/HammerTime.app/$(BUNDLE_EXECUTABLE_FOLDER_PATH)/HammerTime";
				TVOS_DEPLOYMENT_TARGET = 18.4;
			};
			name = Release;
		};
		44B9F2A02DFCE8B900511113 /* Debug */ = {
			isa = XCBuildConfiguration;
			buildSettings = {
				CODE_SIGN_STYLE = Automatic;
				CURRENT_PROJECT_VERSION = 1;
				DEVELOPMENT_TEAM = RWZ25NGH8K;
				GENERATE_INFOPLIST_FILE = YES;
				MARKETING_VERSION = 1.0;
				PRODUCT_BUNDLE_IDENTIFIER = com.showblender.HammerTimeUITests;
				PRODUCT_NAME = "$(TARGET_NAME)";
				SWIFT_EMIT_LOC_STRINGS = NO;
				SWIFT_VERSION = 5.0;
				TARGETED_DEVICE_FAMILY = 3;
				TEST_TARGET_NAME = HammerTime;
			};
			name = Debug;
		};
		44B9F2A12DFCE8B900511113 /* Release */ = {
			isa = XCBuildConfiguration;
			buildSettings = {
				CODE_SIGN_STYLE = Automatic;
				CURRENT_PROJECT_VERSION = 1;
				DEVELOPMENT_TEAM = RWZ25NGH8K;
				GENERATE_INFOPLIST_FILE = YES;
				MARKETING_VERSION = 1.0;
				PRODUCT_BUNDLE_IDENTIFIER = com.showblender.HammerTimeUITests;
				PRODUCT_NAME = "$(TARGET_NAME)";
				SWIFT_EMIT_LOC_STRINGS = NO;
				SWIFT_VERSION = 5.0;
				TARGETED_DEVICE_FAMILY = 3;
				TEST_TARGET_NAME = HammerTime;
			};
			name = Release;
		};
/* End XCBuildConfiguration section */

/* Begin XCConfigurationList section */
		44B9F26D2DFCE8B700511113 /* Build configuration list for PBXProject "HammerTime" */ = {
			isa = XCConfigurationList;
			buildConfigurations = (
				44B9F2972DFCE8B900511113 /* Debug */,
				44B9F2982DFCE8B900511113 /* Release */,
			);
			defaultConfigurationIsVisible = 0;
			defaultConfigurationName = Release;
		};
		44B9F2992DFCE8B900511113 /* Build configuration list for PBXNativeTarget "HammerTime" */ = {
			isa = XCConfigurationList;
			buildConfigurations = (
				44B9F29A2DFCE8B900511113 /* Debug */,
				44B9F29B2DFCE8B900511113 /* Release */,
			);
			defaultConfigurationIsVisible = 0;
			defaultConfigurationName = Release;
		};
		44B9F29C2DFCE8B900511113 /* Build configuration list for PBXNativeTarget "HammerTimeTests" */ = {
			isa = XCConfigurationList;
			buildConfigurations = (
				44B9F29D2DFCE8B900511113 /* Debug */,
				44B9F29E2DFCE8B900511113 /* Release */,
			);
			defaultConfigurationIsVisible = 0;
			defaultConfigurationName = Release;
		};
		44B9F29F2DFCE8B900511113 /* Build configuration list for PBXNativeTarget "HammerTimeUITests" */ = {
			isa = XCConfigurationList;
			buildConfigurations = (
				44B9F2A02DFCE8B900511113 /* Debug */,
				44B9F2A12DFCE8B900511113 /* Release */,
			);
			defaultConfigurationIsVisible = 0;
			defaultConfigurationName = Release;
		};
/* End XCConfigurationList section */
	};
	rootObject = 44B9F26A2DFCE8B700511113 /* Project object */;
}
