// !$*UTF8*$!
{
	archiveVersion = 1;
	classes = {
	};
	objectVersion = 77;
	objects = {

/* Begin PBXContainerItemProxy section */
		445CBFEB2DED409A000CCA5C /* PBXContainerItemProxy */ = {
			isa = PBXContainerItemProxy;
			containerPortal = 445CBFCF2DED4098000CCA5C /* Project object */;
			proxyType = 1;
			remoteGlobalIDString = 445CBFD62DED4098000CCA5C;
			remoteInfo = InfinityBug;
		};
		445CBFF52DED409A000CCA5C /* PBXContainerItemProxy */ = {
			isa = PBXContainerItemProxy;
			containerPortal = 445CBFCF2DED4098000CCA5C /* Project object */;
			proxyType = 1;
			remoteGlobalIDString = 445CBFD62DED4098000CCA5C;
			remoteInfo = InfinityBug;
		};
/* End PBXContainerItemProxy section */

/* Begin PBXFileReference section */
		445CBFD72DED4098000CCA5C /* InfinityBug.app */ = {isa = PBXFileReference; explicitFileType = wrapper.application; includeInIndex = 0; path = InfinityBug.app; sourceTree = BUILT_PRODUCTS_DIR; };
		445CBFEA2DED409A000CCA5C /* InfinityBugTests.xctest */ = {isa = PBXFileReference; explicitFileType = wrapper.cfbundle; includeInIndex = 0; path = InfinityBugTests.xctest; sourceTree = BUILT_PRODUCTS_DIR; };
		445CBFF42DED409A000CCA5C /* InfinityBugUITests.xctest */ = {isa = PBXFileReference; explicitFileType = wrapper.cfbundle; includeInIndex = 0; path = InfinityBugUITests.xctest; sourceTree = BUILT_PRODUCTS_DIR; };
/* End PBXFileReference section */

/* Begin PBXFileSystemSynchronizedRootGroup section */
		445CBFD92DED4098000CCA5C /* InfinityBug */ = {
			isa = PBXFileSystemSynchronizedRootGroup;
			path = InfinityBug;
			sourceTree = "<group>";
		};
		445CBFED2DED409A000CCA5C /* InfinityBugTests */ = {
			isa = PBXFileSystemSynchronizedRootGroup;
			path = InfinityBugTests;
			sourceTree = "<group>";
		};
		445CBFF72DED409A000CCA5C /* InfinityBugUITests */ = {
			isa = PBXFileSystemSynchronizedRootGroup;
			path = InfinityBugUITests;
			sourceTree = "<group>";
		};
/* End PBXFileSystemSynchronizedRootGroup section */

/* Begin PBXFrameworksBuildPhase section */
		445CBFD42DED4098000CCA5C /* Frameworks */ = {
			isa = PBXFrameworksBuildPhase;
			buildActionMask = 2147483647;
			files = (
			);
			runOnlyForDeploymentPostprocessing = 0;
		};
		445CBFE72DED409A000CCA5C /* Frameworks */ = {
			isa = PBXFrameworksBuildPhase;
			buildActionMask = 2147483647;
			files = (
			);
			runOnlyForDeploymentPostprocessing = 0;
		};
		445CBFF12DED409A000CCA5C /* Frameworks */ = {
			isa = PBXFrameworksBuildPhase;
			buildActionMask = 2147483647;
			files = (
			);
			runOnlyForDeploymentPostprocessing = 0;
		};
/* End PBXFrameworksBuildPhase section */

/* Begin PBXGroup section */
		445CBFCE2DED4098000CCA5C = {
			isa = PBXGroup;
			children = (
				445CBFD92DED4098000CCA5C /* InfinityBug */,
				445CBFED2DED409A000CCA5C /* InfinityBugTests */,
				445CBFF72DED409A000CCA5C /* InfinityBugUITests */,
				445CBFD82DED4098000CCA5C /* Products */,
			);
			sourceTree = "<group>";
		};
		445CBFD82DED4098000CCA5C /* Products */ = {
			isa = PBXGroup;
			children = (
				445CBFD72DED4098000CCA5C /* InfinityBug.app */,
				445CBFEA2DED409A000CCA5C /* InfinityBugTests.xctest */,
				445CBFF42DED409A000CCA5C /* InfinityBugUITests.xctest */,
			);
			name = Products;
			sourceTree = "<group>";
		};
/* End PBXGroup section */

/* Begin PBXNativeTarget section */
		445CBFD62DED4098000CCA5C /* InfinityBug */ = {
			isa = PBXNativeTarget;
			buildConfigurationList = 445CBFFE2DED409A000CCA5C /* Build configuration list for PBXNativeTarget "InfinityBug" */;
			buildPhases = (
				445CBFD32DED4098000CCA5C /* Sources */,
				445CBFD42DED4098000CCA5C /* Frameworks */,
				445CBFD52DED4098000CCA5C /* Resources */,
			);
			buildRules = (
			);
			dependencies = (
			);
			fileSystemSynchronizedGroups = (
				445CBFD92DED4098000CCA5C /* InfinityBug */,
			);
			name = InfinityBug;
			packageProductDependencies = (
			);
			productName = InfinityBug;
			productReference = 445CBFD72DED4098000CCA5C /* InfinityBug.app */;
			productType = "com.apple.product-type.application";
		};
		445CBFE92DED409A000CCA5C /* InfinityBugTests */ = {
			isa = PBXNativeTarget;
			buildConfigurationList = 445CC0012DED409A000CCA5C /* Build configuration list for PBXNativeTarget "InfinityBugTests" */;
			buildPhases = (
				445CBFE62DED409A000CCA5C /* Sources */,
				445CBFE72DED409A000CCA5C /* Frameworks */,
				445CBFE82DED409A000CCA5C /* Resources */,
			);
			buildRules = (
			);
			dependencies = (
				445CBFEC2DED409A000CCA5C /* PBXTargetDependency */,
			);
			fileSystemSynchronizedGroups = (
				445CBFED2DED409A000CCA5C /* InfinityBugTests */,
			);
			name = InfinityBugTests;
			packageProductDependencies = (
			);
			productName = InfinityBugTests;
			productReference = 445CBFEA2DED409A000CCA5C /* InfinityBugTests.xctest */;
			productType = "com.apple.product-type.bundle.unit-test";
		};
		445CBFF32DED409A000CCA5C /* InfinityBugUITests */ = {
			isa = PBXNativeTarget;
			buildConfigurationList = 445CC0042DED409A000CCA5C /* Build configuration list for PBXNativeTarget "InfinityBugUITests" */;
			buildPhases = (
				445CBFF02DED409A000CCA5C /* Sources */,
				445CBFF12DED409A000CCA5C /* Frameworks */,
				445CBFF22DED409A000CCA5C /* Resources */,
			);
			buildRules = (
			);
			dependencies = (
				445CBFF62DED409A000CCA5C /* PBXTargetDependency */,
			);
			fileSystemSynchronizedGroups = (
				445CBFF72DED409A000CCA5C /* InfinityBugUITests */,
			);
			name = InfinityBugUITests;
			packageProductDependencies = (
			);
			productName = InfinityBugUITests;
			productReference = 445CBFF42DED409A000CCA5C /* InfinityBugUITests.xctest */;
			productType = "com.apple.product-type.bundle.ui-testing";
		};
/* End PBXNativeTarget section */

/* Begin PBXProject section */
		445CBFCF2DED4098000CCA5C /* Project object */ = {
			isa = PBXProject;
			attributes = {
				BuildIndependentTargetsInParallel = 1;
				LastSwiftUpdateCheck = 1630;
				LastUpgradeCheck = 1630;
				TargetAttributes = {
					445CBFD62DED4098000CCA5C = {
						CreatedOnToolsVersion = 16.3;
					};
					445CBFE92DED409A000CCA5C = {
						CreatedOnToolsVersion = 16.3;
						TestTargetID = 445CBFD62DED4098000CCA5C;
					};
					445CBFF32DED409A000CCA5C = {
						CreatedOnToolsVersion = 16.3;
						TestTargetID = 445CBFD62DED4098000CCA5C;
					};
				};
			};
			buildConfigurationList = 445CBFD22DED4098000CCA5C /* Build configuration list for PBXProject "InfinityBug" */;
			developmentRegion = en;
			hasScannedForEncodings = 0;
			knownRegions = (
				en,
				Base,
			);
			mainGroup = 445CBFCE2DED4098000CCA5C;
			minimizedProjectReferenceProxies = 1;
			preferredProjectObjectVersion = 77;
			productRefGroup = 445CBFD82DED4098000CCA5C /* Products */;
			projectDirPath = "";
			projectRoot = "";
			targets = (
				445CBFD62DED4098000CCA5C /* InfinityBug */,
				445CBFE92DED409A000CCA5C /* InfinityBugTests */,
				445CBFF32DED409A000CCA5C /* InfinityBugUITests */,
			);
		};
/* End PBXProject section */

/* Begin PBXResourcesBuildPhase section */
		445CBFD52DED4098000CCA5C /* Resources */ = {
			isa = PBXResourcesBuildPhase;
			buildActionMask = 2147483647;
			files = (
			);
			runOnlyForDeploymentPostprocessing = 0;
		};
		445CBFE82DED409A000CCA5C /* Resources */ = {
			isa = PBXResourcesBuildPhase;
			buildActionMask = 2147483647;
			files = (
			);
			runOnlyForDeploymentPostprocessing = 0;
		};
		445CBFF22DED409A000CCA5C /* Resources */ = {
			isa = PBXResourcesBuildPhase;
			buildActionMask = 2147483647;
			files = (
			);
			runOnlyForDeploymentPostprocessing = 0;
		};
/* End PBXResourcesBuildPhase section */

/* Begin PBXSourcesBuildPhase section */
		445CBFD32DED4098000CCA5C /* Sources */ = {
			isa = PBXSourcesBuildPhase;
			buildActionMask = 2147483647;
			files = (
			);
			runOnlyForDeploymentPostprocessing = 0;
		};
		445CBFE62DED409A000CCA5C /* Sources */ = {
			isa = PBXSourcesBuildPhase;
			buildActionMask = 2147483647;
			files = (
			);
			runOnlyForDeploymentPostprocessing = 0;
		};
		445CBFF02DED409A000CCA5C /* Sources */ = {
			isa = PBXSourcesBuildPhase;
			buildActionMask = 2147483647;
			files = (
			);
			runOnlyForDeploymentPostprocessing = 0;
		};
/* End PBXSourcesBuildPhase section */

/* Begin PBXTargetDependency section */
		445CBFEC2DED409A000CCA5C /* PBXTargetDependency */ = {
			isa = PBXTargetDependency;
			target = 445CBFD62DED4098000CCA5C /* InfinityBug */;
			targetProxy = 445CBFEB2DED409A000CCA5C /* PBXContainerItemProxy */;
		};
		445CBFF62DED409A000CCA5C /* PBXTargetDependency */ = {
			isa = PBXTargetDependency;
			target = 445CBFD62DED4098000CCA5C /* InfinityBug */;
			targetProxy = 445CBFF52DED409A000CCA5C /* PBXContainerItemProxy */;
		};
/* End PBXTargetDependency section */

/* Begin XCBuildConfiguration section */
		445CBFFC2DED409A000CCA5C /* Debug */ = {
			isa = XCBuildConfiguration;
			buildSettings = {
				ALWAYS_SEARCH_USER_PATHS = NO;
				ASSETCATALOG_COMPILER_GENERATE_SWIFT_ASSET_SYMBOL_EXTENSIONS = YES;
				CLANG_ANALYZER_NONNULL = YES;
				CLANG_ANALYZER_NUMBER_OBJECT_CONVERSION = YES_AGGRESSIVE;
				CLANG_CXX_LANGUAGE_STANDARD = "gnu++20";
				CLANG_ENABLE_MODULES = YES;
				CLANG_ENABLE_OBJC_ARC = YES;
				CLANG_ENABLE_OBJC_WEAK = YES;
				CLANG_WARN_BLOCK_CAPTURE_AUTORELEASING = YES;
				CLANG_WARN_BOOL_CONVERSION = YES;
				CLANG_WARN_COMMA = YES;
				CLANG_WARN_CONSTANT_CONVERSION = YES;
				CLANG_WARN_DEPRECATED_OBJC_IMPLEMENTATIONS = YES;
				CLANG_WARN_DIRECT_OBJC_ISA_USAGE = YES_ERROR;
				CLANG_WARN_DOCUMENTATION_COMMENTS = YES;
				CLANG_WARN_EMPTY_BODY = YES;
				CLANG_WARN_ENUM_CONVERSION = YES;
				CLANG_WARN_INFINITE_RECURSION = YES;
				CLANG_WARN_INT_CONVERSION = YES;
				CLANG_WARN_NON_LITERAL_NULL_CONVERSION = YES;
				CLANG_WARN_OBJC_IMPLICIT_RETAIN_SELF = YES;
				CLANG_WARN_OBJC_LITERAL_CONVERSION = YES;
				CLANG_WARN_OBJC_ROOT_CLASS = YES_ERROR;
				CLANG_WARN_QUOTED_INCLUDE_IN_FRAMEWORK_HEADER = YES;
				CLANG_WARN_RANGE_LOOP_ANALYSIS = YES;
				CLANG_WARN_STRICT_PROTOTYPES = YES;
				CLANG_WARN_SUSPICIOUS_MOVE = YES;
				CLANG_WARN_UNGUARDED_AVAILABILITY = YES_AGGRESSIVE;
				CLANG_WARN_UNREACHABLE_CODE = YES;
				CLANG_WARN__DUPLICATE_METHOD_MATCH = YES;
				COPY_PHASE_STRIP = NO;
				DEBUG_INFORMATION_FORMAT = dwarf;
				ENABLE_STRICT_OBJC_MSGSEND = YES;
				ENABLE_TESTABILITY = YES;
				ENABLE_USER_SCRIPT_SANDBOXING = YES;
				GCC_C_LANGUAGE_STANDARD = gnu17;
				GCC_DYNAMIC_NO_PIC = NO;
				GCC_NO_COMMON_BLOCKS = YES;
				GCC_OPTIMIZATION_LEVEL = 0;
				GCC_PREPROCESSOR_DEFINITIONS = (
					"DEBUG=1",
					"$(inherited)",
				);
				GCC_WARN_64_TO_32_BIT_CONVERSION = YES;
				GCC_WARN_ABOUT_RETURN_TYPE = YES_ERROR;
				GCC_WARN_UNDECLARED_SELECTOR = YES;
				GCC_WARN_UNINITIALIZED_AUTOS = YES_AGGRESSIVE;
				GCC_WARN_UNUSED_FUNCTION = YES;
				GCC_WARN_UNUSED_VARIABLE = YES;
				LOCALIZATION_PREFERS_STRING_CATALOGS = YES;
				MTL_ENABLE_DEBUG_INFO = INCLUDE_SOURCE;
				MTL_FAST_MATH = YES;
				ONLY_ACTIVE_ARCH = YES;
				SDKROOT = appletvos;
				SWIFT_ACTIVE_COMPILATION_CONDITIONS = "DEBUG $(inherited)";
				SWIFT_OPTIMIZATION_LEVEL = "-Onone";
				TVOS_DEPLOYMENT_TARGET = 18.4;
			};
			name = Debug;
		};
		445CBFFD2DED409A000CCA5C /* Release */ = {
			isa = XCBuildConfiguration;
			buildSettings = {
				ALWAYS_SEARCH_USER_PATHS = NO;
				ASSETCATALOG_COMPILER_GENERATE_SWIFT_ASSET_SYMBOL_EXTENSIONS = YES;
				CLANG_ANALYZER_NONNULL = YES;
				CLANG_ANALYZER_NUMBER_OBJECT_CONVERSION = YES_AGGRESSIVE;
				CLANG_CXX_LANGUAGE_STANDARD = "gnu++20";
				CLANG_ENABLE_MODULES = YES;
				CLANG_ENABLE_OBJC_ARC = YES;
				CLANG_ENABLE_OBJC_WEAK = YES;
				CLANG_WARN_BLOCK_CAPTURE_AUTORELEASING = YES;
				CLANG_WARN_BOOL_CONVERSION = YES;
				CLANG_WARN_COMMA = YES;
				CLANG_WARN_CONSTANT_CONVERSION = YES;
				CLANG_WARN_DEPRECATED_OBJC_IMPLEMENTATIONS = YES;
				CLANG_WARN_DIRECT_OBJC_ISA_USAGE = YES_ERROR;
				CLANG_WARN_DOCUMENTATION_COMMENTS = YES;
				CLANG_WARN_EMPTY_BODY = YES;
				CLANG_WARN_ENUM_CONVERSION = YES;
				CLANG_WARN_INFINITE_RECURSION = YES;
				CLANG_WARN_INT_CONVERSION = YES;
				CLANG_WARN_NON_LITERAL_NULL_CONVERSION = YES;
				CLANG_WARN_OBJC_IMPLICIT_RETAIN_SELF = YES;
				CLANG_WARN_OBJC_LITERAL_CONVERSION = YES;
				CLANG_WARN_OBJC_ROOT_CLASS = YES_ERROR;
				CLANG_WARN_QUOTED_INCLUDE_IN_FRAMEWORK_HEADER = YES;
				CLANG_WARN_RANGE_LOOP_ANALYSIS = YES;
				CLANG_WARN_STRICT_PROTOTYPES = YES;
				CLANG_WARN_SUSPICIOUS_MOVE = YES;
				CLANG_WARN_UNGUARDED_AVAILABILITY = YES_AGGRESSIVE;
				CLANG_WARN_UNREACHABLE_CODE = YES;
				CLANG_WARN__DUPLICATE_METHOD_MATCH = YES;
				COPY_PHASE_STRIP = NO;
				DEBUG_INFORMATION_FORMAT = "dwarf-with-dsym";
				ENABLE_NS_ASSERTIONS = NO;
				ENABLE_STRICT_OBJC_MSGSEND = YES;
				ENABLE_USER_SCRIPT_SANDBOXING = YES;
				GCC_C_LANGUAGE_STANDARD = gnu17;
				GCC_NO_COMMON_BLOCKS = YES;
				GCC_WARN_64_TO_32_BIT_CONVERSION = YES;
				GCC_WARN_ABOUT_RETURN_TYPE = YES_ERROR;
				GCC_WARN_UNDECLARED_SELECTOR = YES;
				GCC_WARN_UNINITIALIZED_AUTOS = YES_AGGRESSIVE;
				GCC_WARN_UNUSED_FUNCTION = YES;
				GCC_WARN_UNUSED_VARIABLE = YES;
				LOCALIZATION_PREFERS_STRING_CATALOGS = YES;
				MTL_ENABLE_DEBUG_INFO = NO;
				MTL_FAST_MATH = YES;
				SDKROOT = appletvos;
				SWIFT_COMPILATION_MODE = wholemodule;
				TVOS_DEPLOYMENT_TARGET = 18.4;
				VALIDATE_PRODUCT = YES;
			};
			name = Release;
		};
		445CBFFF2DED409A000CCA5C /* Debug */ = {
			isa = XCBuildConfiguration;
			buildSettings = {
				ASSETCATALOG_COMPILER_APPICON_NAME = "App Icon & Top Shelf Image";
				ASSETCATALOG_COMPILER_GLOBAL_ACCENT_COLOR_NAME = AccentColor;
				CODE_SIGN_STYLE = Automatic;
				CURRENT_PROJECT_VERSION = 1;
				DEVELOPMENT_TEAM = RWZ25NGH8K;
				GENERATE_INFOPLIST_FILE = YES;
				INFOPLIST_KEY_UILaunchStoryboardName = LaunchScreen;
				INFOPLIST_KEY_UIMainStoryboardFile = Main;
				INFOPLIST_KEY_UIUserInterfaceStyle = Automatic;
				LD_RUNPATH_SEARCH_PATHS = (
					"$(inherited)",
					"@executable_path/Frameworks",
				);
				MARKETING_VERSION = 1.0;
				PRODUCT_BUNDLE_IDENTIFIER = com.showblender.InfinityBug;
				PRODUCT_NAME = "$(TARGET_NAME)";
				SWIFT_EMIT_LOC_STRINGS = YES;
				SWIFT_VERSION = 5.0;
				TARGETED_DEVICE_FAMILY = 3;
			};
			name = Debug;
		};
		445CC0002DED409A000CCA5C /* Release */ = {
			isa = XCBuildConfiguration;
			buildSettings = {
				ASSETCATALOG_COMPILER_APPICON_NAME = "App Icon & Top Shelf Image";
				ASSETCATALOG_COMPILER_GLOBAL_ACCENT_COLOR_NAME = AccentColor;
				CODE_SIGN_STYLE = Automatic;
				CURRENT_PROJECT_VERSION = 1;
				DEVELOPMENT_TEAM = RWZ25NGH8K;
				GENERATE_INFOPLIST_FILE = YES;
				INFOPLIST_KEY_UILaunchStoryboardName = LaunchScreen;
				INFOPLIST_KEY_UIMainStoryboardFile = Main;
				INFOPLIST_KEY_UIUserInterfaceStyle = Automatic;
				LD_RUNPATH_SEARCH_PATHS = (
					"$(inherited)",
					"@executable_path/Frameworks",
				);
				MARKETING_VERSION = 1.0;
				PRODUCT_BUNDLE_IDENTIFIER = com.showblender.InfinityBug;
				PRODUCT_NAME = "$(TARGET_NAME)";
				SWIFT_EMIT_LOC_STRINGS = YES;
				SWIFT_VERSION = 5.0;
				TARGETED_DEVICE_FAMILY = 3;
			};
			name = Release;
		};
		445CC0022DED409A000CCA5C /* Debug */ = {
			isa = XCBuildConfiguration;
			buildSettings = {
				BUNDLE_LOADER = "$(TEST_HOST)";
				CODE_SIGN_STYLE = Automatic;
				CURRENT_PROJECT_VERSION = 1;
				GENERATE_INFOPLIST_FILE = YES;
				MARKETING_VERSION = 1.0;
				PRODUCT_BUNDLE_IDENTIFIER = com.showblender.InfinityBugTests;
				PRODUCT_NAME = "$(TARGET_NAME)";
				SWIFT_EMIT_LOC_STRINGS = NO;
				SWIFT_VERSION = 5.0;
				TARGETED_DEVICE_FAMILY = 3;
				TEST_HOST = "$(BUILT_PRODUCTS_DIR)/InfinityBug.app/$(BUNDLE_EXECUTABLE_FOLDER_PATH)/InfinityBug";
				TVOS_DEPLOYMENT_TARGET = 18.4;
			};
			name = Debug;
		};
		445CC0032DED409A000CCA5C /* Release */ = {
			isa = XCBuildConfiguration;
			buildSettings = {
				BUNDLE_LOADER = "$(TEST_HOST)";
				CODE_SIGN_STYLE = Automatic;
				CURRENT_PROJECT_VERSION = 1;
				GENERATE_INFOPLIST_FILE = YES;
				MARKETING_VERSION = 1.0;
				PRODUCT_BUNDLE_IDENTIFIER = com.showblender.InfinityBugTests;
				PRODUCT_NAME = "$(TARGET_NAME)";
				SWIFT_EMIT_LOC_STRINGS = NO;
				SWIFT_VERSION = 5.0;
				TARGETED_DEVICE_FAMILY = 3;
				TEST_HOST = "$(BUILT_PRODUCTS_DIR)/InfinityBug.app/$(BUNDLE_EXECUTABLE_FOLDER_PATH)/InfinityBug";
				TVOS_DEPLOYMENT_TARGET = 18.4;
			};
			name = Release;
		};
		445CC0052DED409A000CCA5C /* Debug */ = {
			isa = XCBuildConfiguration;
			buildSettings = {
				CODE_SIGN_STYLE = Automatic;
				CURRENT_PROJECT_VERSION = 1;
				GENERATE_INFOPLIST_FILE = YES;
				MARKETING_VERSION = 1.0;
				PRODUCT_BUNDLE_IDENTIFIER = com.showblender.InfinityBugUITests;
				PRODUCT_NAME = "$(TARGET_NAME)";
				SWIFT_EMIT_LOC_STRINGS = NO;
				SWIFT_VERSION = 5.0;
				TARGETED_DEVICE_FAMILY = 3;
				TEST_TARGET_NAME = InfinityBug;
			};
			name = Debug;
		};
		445CC0062DED409A000CCA5C /* Release */ = {
			isa = XCBuildConfiguration;
			buildSettings = {
				CODE_SIGN_STYLE = Automatic;
				CURRENT_PROJECT_VERSION = 1;
				GENERATE_INFOPLIST_FILE = YES;
				MARKETING_VERSION = 1.0;
				PRODUCT_BUNDLE_IDENTIFIER = com.showblender.InfinityBugUITests;
				PRODUCT_NAME = "$(TARGET_NAME)";
				SWIFT_EMIT_LOC_STRINGS = NO;
				SWIFT_VERSION = 5.0;
				TARGETED_DEVICE_FAMILY = 3;
				TEST_TARGET_NAME = InfinityBug;
			};
			name = Release;
		};
/* End XCBuildConfiguration section */

/* Begin XCConfigurationList section */
		445CBFD22DED4098000CCA5C /* Build configuration list for PBXProject "InfinityBug" */ = {
			isa = XCConfigurationList;
			buildConfigurations = (
				445CBFFC2DED409A000CCA5C /* Debug */,
				445CBFFD2DED409A000CCA5C /* Release */,
			);
			defaultConfigurationIsVisible = 0;
			defaultConfigurationName = Release;
		};
		445CBFFE2DED409A000CCA5C /* Build configuration list for PBXNativeTarget "InfinityBug" */ = {
			isa = XCConfigurationList;
			buildConfigurations = (
				445CBFFF2DED409A000CCA5C /* Debug */,
				445CC0002DED409A000CCA5C /* Release */,
			);
			defaultConfigurationIsVisible = 0;
			defaultConfigurationName = Release;
		};
		445CC0012DED409A000CCA5C /* Build configuration list for PBXNativeTarget "InfinityBugTests" */ = {
			isa = XCConfigurationList;
			buildConfigurations = (
				445CC0022DED409A000CCA5C /* Debug */,
				445CC0032DED409A000CCA5C /* Release */,
			);
			defaultConfigurationIsVisible = 0;
			defaultConfigurationName = Release;
		};
		445CC0042DED409A000CCA5C /* Build configuration list for PBXNativeTarget "InfinityBugUITests" */ = {
			isa = XCConfigurationList;
			buildConfigurations = (
				445CC0052DED409A000CCA5C /* Debug */,
				445CC0062DED409A000CCA5C /* Release */,
			);
			defaultConfigurationIsVisible = 0;
			defaultConfigurationName = Release;
		};
/* End XCConfigurationList section */
	};
	rootObject = 445CBFCF2DED4098000CCA5C /* Project object */;
}
